
Microsoft Visual Studio Solution File, Format Version 12.00
# Visual Studio Version 17
VisualStudioVersion = 17.14.36327.8
MinimumVisualStudioVersion = 10.0.40219.1
Project("{FAE04EC0-301F-11D3-BF4B-00C04F79EFBC}") = "MN-Barcode.Entities", "MN-Barcode.Entities\MN-Barcode.Entities.csproj", "{A8F0B7AA-5A1C-4606-9AAE-9E3D16950576}"
EndProject
Project("{FAE04EC0-301F-11D3-BF4B-00C04F79EFBC}") = "MN-Barcode.DataAccess", "MN-Barcode.DataAccess\MN-Barcode.DataAccess.csproj", "{954C9694-A0DF-49E2-8952-01E28CD47ECB}"
EndProject
Project("{FAE04EC0-301F-11D3-BF4B-00C04F79EFBC}") = "MN-Barcode.Business", "MN-Barcode.Business\MN-Barcode.Business.csproj", "{E14A0E41-1A09-497F-B046-6767D80D427F}"
EndProject
Project("{FAE04EC0-301F-11D3-BF4B-00C04F79EFBC}") = "MN-Barcode.WinForms", "MN-Barcode.WinForms\MN-Barcode.WinForms.csproj", "{A7F3DBF7-81C8-4C59-A53A-1C9618D384C2}"
EndProject
Project("{FAE04EC0-301F-11D3-BF4B-00C04F79EFBC}") = "MN-Barcode.Tests", "MN-Barcode.Tests\MN-Barcode.Tests.csproj", "{67CC13A0-F09A-47B7-A934-F52074602BCD}"
EndProject
Global
	GlobalSection(SolutionConfigurationPlatforms) = preSolution
		Debug|Any CPU = Debug|Any CPU
		Debug|x64 = Debug|x64
		Debug|x86 = Debug|x86
		Release|Any CPU = Release|Any CPU
		Release|x64 = Release|x64
		Release|x86 = Release|x86
	EndGlobalSection
	GlobalSection(ProjectConfigurationPlatforms) = postSolution
		{A8F0B7AA-5A1C-4606-9AAE-9E3D16950576}.Debug|Any CPU.ActiveCfg = Debug|Any CPU
		{A8F0B7AA-5A1C-4606-9AAE-9E3D16950576}.Debug|Any CPU.Build.0 = Debug|Any CPU
		{A8F0B7AA-5A1C-4606-9AAE-9E3D16950576}.Debug|x64.ActiveCfg = Debug|Any CPU
		{A8F0B7AA-5A1C-4606-9AAE-9E3D16950576}.Debug|x64.Build.0 = Debug|Any CPU
		{A8F0B7AA-5A1C-4606-9AAE-9E3D16950576}.Debug|x86.ActiveCfg = Debug|Any CPU
		{A8F0B7AA-5A1C-4606-9AAE-9E3D16950576}.Debug|x86.Build.0 = Debug|Any CPU
		{A8F0B7AA-5A1C-4606-9AAE-9E3D16950576}.Release|Any CPU.ActiveCfg = Release|Any CPU
		{A8F0B7AA-5A1C-4606-9AAE-9E3D16950576}.Release|Any CPU.Build.0 = Release|Any CPU
		{A8F0B7AA-5A1C-4606-9AAE-9E3D16950576}.Release|x64.ActiveCfg = Release|Any CPU
		{A8F0B7AA-5A1C-4606-9AAE-9E3D16950576}.Release|x64.Build.0 = Release|Any CPU
		{A8F0B7AA-5A1C-4606-9AAE-9E3D16950576}.Release|x86.ActiveCfg = Release|Any CPU
		{A8F0B7AA-5A1C-4606-9AAE-9E3D16950576}.Release|x86.Build.0 = Release|Any CPU
		{954C9694-A0DF-49E2-8952-01E28CD47ECB}.Debug|Any CPU.ActiveCfg = Debug|Any CPU
		{954C9694-A0DF-49E2-8952-01E28CD47ECB}.Debug|Any CPU.Build.0 = Debug|Any CPU
		{954C9694-A0DF-49E2-8952-01E28CD47ECB}.Debug|x64.ActiveCfg = Debug|Any CPU
		{954C9694-A0DF-49E2-8952-01E28CD47ECB}.Debug|x64.Build.0 = Debug|Any CPU
		{954C9694-A0DF-49E2-8952-01E28CD47ECB}.Debug|x86.ActiveCfg = Debug|Any CPU
		{954C9694-A0DF-49E2-8952-01E28CD47ECB}.Debug|x86.Build.0 = Debug|Any CPU
		{954C9694-A0DF-49E2-8952-01E28CD47ECB}.Release|Any CPU.ActiveCfg = Release|Any CPU
		{954C9694-A0DF-49E2-8952-01E28CD47ECB}.Release|Any CPU.Build.0 = Release|Any CPU
		{954C9694-A0DF-49E2-8952-01E28CD47ECB}.Release|x64.ActiveCfg = Release|Any CPU
		{954C9694-A0DF-49E2-8952-01E28CD47ECB}.Release|x64.Build.0 = Release|Any CPU
		{954C9694-A0DF-49E2-8952-01E28CD47ECB}.Release|x86.ActiveCfg = Release|Any CPU
		{954C9694-A0DF-49E2-8952-01E28CD47ECB}.Release|x86.Build.0 = Release|Any CPU
		{E14A0E41-1A09-497F-B046-6767D80D427F}.Debug|Any CPU.ActiveCfg = Debug|Any CPU
		{E14A0E41-1A09-497F-B046-6767D80D427F}.Debug|Any CPU.Build.0 = Debug|Any CPU
		{E14A0E41-1A09-497F-B046-6767D80D427F}.Debug|x64.ActiveCfg = Debug|Any CPU
		{E14A0E41-1A09-497F-B046-6767D80D427F}.Debug|x64.Build.0 = Debug|Any CPU
		{E14A0E41-1A09-497F-B046-6767D80D427F}.Debug|x86.ActiveCfg = Debug|Any CPU
		{E14A0E41-1A09-497F-B046-6767D80D427F}.Debug|x86.Build.0 = Debug|Any CPU
		{E14A0E41-1A09-497F-B046-6767D80D427F}.Release|Any CPU.ActiveCfg = Release|Any CPU
		{E14A0E41-1A09-497F-B046-6767D80D427F}.Release|Any CPU.Build.0 = Release|Any CPU
		{E14A0E41-1A09-497F-B046-6767D80D427F}.Release|x64.ActiveCfg = Release|Any CPU
		{E14A0E41-1A09-497F-B046-6767D80D427F}.Release|x64.Build.0 = Release|Any CPU
		{E14A0E41-1A09-497F-B046-6767D80D427F}.Release|x86.ActiveCfg = Release|Any CPU
		{E14A0E41-1A09-497F-B046-6767D80D427F}.Release|x86.Build.0 = Release|Any CPU
		{A7F3DBF7-81C8-4C59-A53A-1C9618D384C2}.Debug|Any CPU.ActiveCfg = Debug|Any CPU
		{A7F3DBF7-81C8-4C59-A53A-1C9618D384C2}.Debug|Any CPU.Build.0 = Debug|Any CPU
		{A7F3DBF7-81C8-4C59-A53A-1C9618D384C2}.Debug|x64.ActiveCfg = Debug|Any CPU
		{A7F3DBF7-81C8-4C59-A53A-1C9618D384C2}.Debug|x64.Build.0 = Debug|Any CPU
		{A7F3DBF7-81C8-4C59-A53A-1C9618D384C2}.Debug|x86.ActiveCfg = Debug|Any CPU
		{A7F3DBF7-81C8-4C59-A53A-1C9618D384C2}.Debug|x86.Build.0 = Debug|Any CPU
		{A7F3DBF7-81C8-4C59-A53A-1C9618D384C2}.Release|Any CPU.ActiveCfg = Release|Any CPU
		{A7F3DBF7-81C8-4C59-A53A-1C9618D384C2}.Release|Any CPU.Build.0 = Release|Any CPU
		{A7F3DBF7-81C8-4C59-A53A-1C9618D384C2}.Release|x64.ActiveCfg = Release|Any CPU
		{A7F3DBF7-81C8-4C59-A53A-1C9618D384C2}.Release|x64.Build.0 = Release|Any CPU
		{A7F3DBF7-81C8-4C59-A53A-1C9618D384C2}.Release|x86.ActiveCfg = Release|Any CPU
		{A7F3DBF7-81C8-4C59-A53A-1C9618D384C2}.Release|x86.Build.0 = Release|Any CPU
		{67CC13A0-F09A-47B7-A934-F52074602BCD}.Debug|Any CPU.ActiveCfg = Debug|Any CPU
		{67CC13A0-F09A-47B7-A934-F52074602BCD}.Debug|Any CPU.Build.0 = Debug|Any CPU
		{67CC13A0-F09A-47B7-A934-F52074602BCD}.Debug|x64.ActiveCfg = Debug|Any CPU
		{67CC13A0-F09A-47B7-A934-F52074602BCD}.Debug|x64.Build.0 = Debug|Any CPU
		{67CC13A0-F09A-47B7-A934-F52074602BCD}.Debug|x86.ActiveCfg = Debug|Any CPU
		{67CC13A0-F09A-47B7-A934-F52074602BCD}.Debug|x86.Build.0 = Debug|Any CPU
		{67CC13A0-F09A-47B7-A934-F52074602BCD}.Release|Any CPU.ActiveCfg = Release|Any CPU
		{67CC13A0-F09A-47B7-A934-F52074602BCD}.Release|Any CPU.Build.0 = Release|Any CPU
		{67CC13A0-F09A-47B7-A934-F52074602BCD}.Release|x64.ActiveCfg = Release|Any CPU
		{67CC13A0-F09A-47B7-A934-F52074602BCD}.Release|x64.Build.0 = Release|Any CPU
		{67CC13A0-F09A-47B7-A934-F52074602BCD}.Release|x86.ActiveCfg = Release|Any CPU
		{67CC13A0-F09A-47B7-A934-F52074602BCD}.Release|x86.Build.0 = Release|Any CPU
	EndGlobalSection
	GlobalSection(SolutionProperties) = preSolution
		HideSolutionNode = FALSE
	EndGlobalSection
	GlobalSection(ExtensibilityGlobals) = postSolution
		SolutionGuid = {764923A2-D724-4907-B16B-58A4421628DF}
	EndGlobalSection
EndGlobal
